<Solution>
  <Project Path="Unity.ProBuilder.csproj" />
  <Project Path="Unity.ProBuilder.Poly2Tri.csproj" />
  <Project Path="Unity.ProBuilder.Csg.csproj" />
  <Project Path="Unity.ProBuilder.Editor.csproj" />
  <Project Path="Assembly-CSharp.csproj" />
  <Project Path="Unity.ProBuilder.KdTree.csproj" />
  <Project Path="Unity.ProBuilder.AddOns.Editor.csproj" />
  <Project Path="Unity.ProBuilder.AssetIdRemapUtility.csproj" />
  <Project Path="Unity.ProBuilder.Stl.csproj" />
</Solution>
